// !$*UTF8*$!
{
	archiveVersion = 1;
	classes = {
	};
	objectVersion = 46;
	objects = {

/* Begin PBXBuildFile section */
		9F68C5E5231440EB9E47011F /* libPods-MineSweeperSpecs.a in Frameworks */ = {isa = PBXBuildFile; fileRef = BC3E9768383C44A8BDE0C7CB /* libPods-MineSweeperSpecs.a */; };
		AC4D00001699B6D30038D7C2 /* Default-568h@2x.png in Resources */ = {isa = PBXBuildFile; fileRef = AC4DFFFF1699B6D30038D7C2 /* Default-568h@2x.png */; };
		AC4D00031699B6D30038D7C2 /* MainStoryboard.storyboard in Resources */ = {isa = PBXBuildFile; fileRef = AC4D00011699B6D30038D7C2 /* MainStoryboard.storyboard */; };
		AC4D00061699B6D30038D7C2 /* MineFieldViewController.m in Sources */ = {isa = PBXBuildFile; fileRef = AC4D00051699B6D30038D7C2 /* MineFieldViewController.m */; };
		AC4D000E1699B6D30038D7C2 /* SenTestingKit.framework in Frameworks */ = {isa = PBXBuildFile; fileRef = AC4D000D1699B6D30038D7C2 /* SenTestingKit.framework */; };
		AC4D000F1699B6D30038D7C2 /* UIKit.framework in Frameworks */ = {isa = PBXBuildFile; fileRef = AC4DFFE91699B6D30038D7C2 /* UIKit.framework */; };
		AC4D00101699B6D30038D7C2 /* Foundation.framework in Frameworks */ = {isa = PBXBuildFile; fileRef = AC4DFFEB1699B6D30038D7C2 /* Foundation.framework */; };
		AC4D00181699B6D30038D7C2 /* InfoPlist.strings in Resources */ = {isa = PBXBuildFile; fileRef = AC4D00161699B6D30038D7C2 /* InfoPlist.strings */; };
		AC4D001B1699B6D30038D7C2 /* MineSweeper_StoryboardsTests.m in Sources */ = {isa = PBXBuildFile; fileRef = AC4D001A1699B6D30038D7C2 /* MineSweeper_StoryboardsTests.m */; };
		AC4D002C1699BAFA0038D7C2 /* cell.jpg in Resources */ = {isa = PBXBuildFile; fileRef = AC4D002B1699BAFA0038D7C2 /* cell.jpg */; };
		AC4DFFEA1699B6D30038D7C2 /* UIKit.framework in Frameworks */ = {isa = PBXBuildFile; fileRef = AC4DFFE91699B6D30038D7C2 /* UIKit.framework */; };
		AC4DFFEC1699B6D30038D7C2 /* Foundation.framework in Frameworks */ = {isa = PBXBuildFile; fileRef = AC4DFFEB1699B6D30038D7C2 /* Foundation.framework */; };
		AC4DFFEE1699B6D30038D7C2 /* CoreGraphics.framework in Frameworks */ = {isa = PBXBuildFile; fileRef = AC4DFFED1699B6D30038D7C2 /* CoreGraphics.framework */; };
		AC4DFFF41699B6D30038D7C2 /* InfoPlist.strings in Resources */ = {isa = PBXBuildFile; fileRef = AC4DFFF21699B6D30038D7C2 /* InfoPlist.strings */; };
		AC4DFFF61699B6D30038D7C2 /* main.m in Sources */ = {isa = PBXBuildFile; fileRef = AC4DFFF51699B6D30038D7C2 /* main.m */; };
		AC4DFFFA1699B6D30038D7C2 /* AppDelegate.m in Sources */ = {isa = PBXBuildFile; fileRef = AC4DFFF91699B6D30038D7C2 /* AppDelegate.m */; };
		AC4DFFFC1699B6D30038D7C2 /* Default.png in Resources */ = {isa = PBXBuildFile; fileRef = AC4DFFFB1699B6D30038D7C2 /* Default.png */; };
		AC4DFFFE1699B6D30038D7C2 /* Default@2x.png in Resources */ = {isa = PBXBuildFile; fileRef = AC4DFFFD1699B6D30038D7C2 /* Default@2x.png */; };
		ACC737D91699F52D00D99F3F /* SenTestingKit.framework in Frameworks */ = {isa = PBXBuildFile; fileRef = AC4D000D1699B6D30038D7C2 /* SenTestingKit.framework */; };
		ACC737DA1699F52D00D99F3F /* UIKit.framework in Frameworks */ = {isa = PBXBuildFile; fileRef = AC4DFFE91699B6D30038D7C2 /* UIKit.framework */; };
		ACC737DB1699F52D00D99F3F /* Foundation.framework in Frameworks */ = {isa = PBXBuildFile; fileRef = AC4DFFEB1699B6D30038D7C2 /* Foundation.framework */; };
		ACC737E11699F52D00D99F3F /* InfoPlist.strings in Resources */ = {isa = PBXBuildFile; fileRef = ACC737DF1699F52D00D99F3F /* InfoPlist.strings */; };
		ACC737E41699F52D00D99F3F /* MineSweeperSpecs.m in Sources */ = {isa = PBXBuildFile; fileRef = ACC737E31699F52D00D99F3F /* MineSweeperSpecs.m */; };
		ACC737F71699F8C700D99F3F /* SpotCell.m in Sources */ = {isa = PBXBuildFile; fileRef = ACC737F61699F8C700D99F3F /* SpotCell.m */; };
		ACC737F91699F9F600D99F3F /* mine.png in Resources */ = {isa = PBXBuildFile; fileRef = ACC737F81699F9F600D99F3F /* mine.png */; };
		ACC738001699FBD700D99F3F /* Spot.m in Sources */ = {isa = PBXBuildFile; fileRef = ACC737FF1699FBD700D99F3F /* Spot.m */; };
		ACC738031699FBF300D99F3F /* EmptySpot.m in Sources */ = {isa = PBXBuildFile; fileRef = ACC738021699FBF300D99F3F /* EmptySpot.m */; };
		ACC738061699FC0100D99F3F /* MineSpot.m in Sources */ = {isa = PBXBuildFile; fileRef = ACC738051699FC0100D99F3F /* MineSpot.m */; };
		ACC73809169A01D900D99F3F /* MineSpotState.m in Sources */ = {isa = PBXBuildFile; fileRef = ACC73808169A01D900D99F3F /* MineSpotState.m */; };
		ACC7380D169A025B00D99F3F /* MineField.m in Sources */ = {isa = PBXBuildFile; fileRef = ACC7380C169A025B00D99F3F /* MineField.m */; };
/* End PBXBuildFile section */

/* Begin PBXContainerItemProxy section */
		AC4D00111699B6D30038D7C2 /* PBXContainerItemProxy */ = {
			isa = PBXContainerItemProxy;
			containerPortal = AC4DFFDC1699B6D20038D7C2 /* Project object */;
			proxyType = 1;
			remoteGlobalIDString = AC4DFFE41699B6D30038D7C2;
			remoteInfo = MineSweeper_Storyboards;
		};
/* End PBXContainerItemProxy section */

/* Begin PBXFileReference section */
		9301D8D62EBE48698DA9756F /* Pods-MineSweeperSpecs.xcconfig */ = {isa = PBXFileReference; includeInIndex = 1; lastKnownFileType = text.xcconfig; name = "Pods-MineSweeperSpecs.xcconfig"; path = "Pods/Pods-MineSweeperSpecs.xcconfig"; sourceTree = SOURCE_ROOT; };
		AC4D00021699B6D30038D7C2 /* en */ = {isa = PBXFileReference; lastKnownFileType = file.storyboard; name = en; path = en.lproj/MainStoryboard.storyboard; sourceTree = "<group>"; };
		AC4D00041699B6D30038D7C2 /* MineFieldViewController.h */ = {isa = PBXFileReference; lastKnownFileType = sourcecode.c.h; path = MineFieldViewController.h; sourceTree = "<group>"; };
		AC4D00051699B6D30038D7C2 /* MineFieldViewController.m */ = {isa = PBXFileReference; lastKnownFileType = sourcecode.c.objc; path = MineFieldViewController.m; sourceTree = "<group>"; };
		AC4D000C1699B6D30038D7C2 /* MineSweeper_StoryboardsTests.octest */ = {isa = PBXFileReference; explicitFileType = wrapper.cfbundle; includeInIndex = 0; path = MineSweeper_StoryboardsTests.octest; sourceTree = BUILT_PRODUCTS_DIR; };
		AC4D000D1699B6D30038D7C2 /* SenTestingKit.framework */ = {isa = PBXFileReference; lastKnownFileType = wrapper.framework; name = SenTestingKit.framework; path = Library/Frameworks/SenTestingKit.framework; sourceTree = DEVELOPER_DIR; };
		AC4D00151699B6D30038D7C2 /* MineSweeper_StoryboardsTests-Info.plist */ = {isa = PBXFileReference; lastKnownFileType = text.plist.xml; path = "MineSweeper_StoryboardsTests-Info.plist"; sourceTree = "<group>"; };
		AC4D00171699B6D30038D7C2 /* en */ = {isa = PBXFileReference; lastKnownFileType = text.plist.strings; name = en; path = en.lproj/InfoPlist.strings; sourceTree = "<group>"; };
		AC4D00191699B6D30038D7C2 /* MineSweeper_StoryboardsTests.h */ = {isa = PBXFileReference; lastKnownFileType = sourcecode.c.h; path = MineSweeper_StoryboardsTests.h; sourceTree = "<group>"; };
		AC4D001A1699B6D30038D7C2 /* MineSweeper_StoryboardsTests.m */ = {isa = PBXFileReference; lastKnownFileType = sourcecode.c.objc; path = MineSweeper_StoryboardsTests.m; sourceTree = "<group>"; };
		AC4D002B1699BAFA0038D7C2 /* cell.jpg */ = {isa = PBXFileReference; lastKnownFileType = image.jpeg; name = cell.jpg; path = MineSweeper_Storyboards/cell.jpg; sourceTree = "<group>"; };
		AC4DFFE51699B6D30038D7C2 /* MineSweeper_Storyboards.app */ = {isa = PBXFileReference; explicitFileType = wrapper.application; includeInIndex = 0; path = MineSweeper_Storyboards.app; sourceTree = BUILT_PRODUCTS_DIR; };
		AC4DFFE91699B6D30038D7C2 /* UIKit.framework */ = {isa = PBXFileReference; lastKnownFileType = wrapper.framework; name = UIKit.framework; path = System/Library/Frameworks/UIKit.framework; sourceTree = SDKROOT; };
		AC4DFFEB1699B6D30038D7C2 /* Foundation.framework */ = {isa = PBXFileReference; lastKnownFileType = wrapper.framework; name = Foundation.framework; path = System/Library/Frameworks/Foundation.framework; sourceTree = SDKROOT; };
		AC4DFFED1699B6D30038D7C2 /* CoreGraphics.framework */ = {isa = PBXFileReference; lastKnownFileType = wrapper.framework; name = CoreGraphics.framework; path = System/Library/Frameworks/CoreGraphics.framework; sourceTree = SDKROOT; };
		AC4DFFF11699B6D30038D7C2 /* MineSweeper_Storyboards-Info.plist */ = {isa = PBXFileReference; lastKnownFileType = text.plist.xml; path = "MineSweeper_Storyboards-Info.plist"; sourceTree = "<group>"; };
		AC4DFFF31699B6D30038D7C2 /* en */ = {isa = PBXFileReference; lastKnownFileType = text.plist.strings; name = en; path = en.lproj/InfoPlist.strings; sourceTree = "<group>"; };
		AC4DFFF51699B6D30038D7C2 /* main.m */ = {isa = PBXFileReference; lastKnownFileType = sourcecode.c.objc; path = main.m; sourceTree = "<group>"; };
		AC4DFFF71699B6D30038D7C2 /* MineSweeper_Storyboards-Prefix.pch */ = {isa = PBXFileReference; lastKnownFileType = sourcecode.c.h; path = "MineSweeper_Storyboards-Prefix.pch"; sourceTree = "<group>"; };
		AC4DFFF81699B6D30038D7C2 /* AppDelegate.h */ = {isa = PBXFileReference; lastKnownFileType = sourcecode.c.h; path = AppDelegate.h; sourceTree = "<group>"; };
		AC4DFFF91699B6D30038D7C2 /* AppDelegate.m */ = {isa = PBXFileReference; lastKnownFileType = sourcecode.c.objc; path = AppDelegate.m; sourceTree = "<group>"; };
		AC4DFFFB1699B6D30038D7C2 /* Default.png */ = {isa = PBXFileReference; lastKnownFileType = image.png; path = Default.png; sourceTree = "<group>"; };
		AC4DFFFD1699B6D30038D7C2 /* Default@2x.png */ = {isa = PBXFileReference; lastKnownFileType = image.png; path = "Default@2x.png"; sourceTree = "<group>"; };
		AC4DFFFF1699B6D30038D7C2 /* Default-568h@2x.png */ = {isa = PBXFileReference; lastKnownFileType = image.png; path = "Default-568h@2x.png"; sourceTree = "<group>"; };
		ACC737D81699F52D00D99F3F /* MineSweeperSpecs.octest */ = {isa = PBXFileReference; explicitFileType = wrapper.cfbundle; includeInIndex = 0; path = MineSweeperSpecs.octest; sourceTree = BUILT_PRODUCTS_DIR; };
		ACC737DE1699F52D00D99F3F /* MineSweeperSpecs-Info.plist */ = {isa = PBXFileReference; lastKnownFileType = text.plist.xml; path = "MineSweeperSpecs-Info.plist"; sourceTree = "<group>"; };
		ACC737E01699F52D00D99F3F /* en */ = {isa = PBXFileReference; lastKnownFileType = text.plist.strings; name = en; path = en.lproj/InfoPlist.strings; sourceTree = "<group>"; };
		ACC737E31699F52D00D99F3F /* MineSweeperSpecs.m */ = {isa = PBXFileReference; lastKnownFileType = sourcecode.c.objc; path = MineSweeperSpecs.m; sourceTree = "<group>"; };
		ACC737E51699F52D00D99F3F /* MineSweeperSpecs-Prefix.pch */ = {isa = PBXFileReference; lastKnownFileType = sourcecode.c.h; path = "MineSweeperSpecs-Prefix.pch"; sourceTree = "<group>"; };
		ACC737F51699F8C700D99F3F /* SpotCell.h */ = {isa = PBXFileReference; fileEncoding = 4; lastKnownFileType = sourcecode.c.h; path = SpotCell.h; sourceTree = "<group>"; };
		ACC737F61699F8C700D99F3F /* SpotCell.m */ = {isa = PBXFileReference; fileEncoding = 4; lastKnownFileType = sourcecode.c.objc; path = SpotCell.m; sourceTree = "<group>"; };
		ACC737F81699F9F600D99F3F /* mine.png */ = {isa = PBXFileReference; lastKnownFileType = image.png; path = mine.png; sourceTree = "<group>"; };
		ACC737FE1699FBD700D99F3F /* Spot.h */ = {isa = PBXFileReference; fileEncoding = 4; lastKnownFileType = sourcecode.c.h; path = Spot.h; sourceTree = "<group>"; };
		ACC737FF1699FBD700D99F3F /* Spot.m */ = {isa = PBXFileReference; fileEncoding = 4; lastKnownFileType = sourcecode.c.objc; path = Spot.m; sourceTree = "<group>"; };
		ACC738011699FBF300D99F3F /* EmptySpot.h */ = {isa = PBXFileReference; fileEncoding = 4; lastKnownFileType = sourcecode.c.h; path = EmptySpot.h; sourceTree = "<group>"; };
		ACC738021699FBF300D99F3F /* EmptySpot.m */ = {isa = PBXFileReference; fileEncoding = 4; lastKnownFileType = sourcecode.c.objc; path = EmptySpot.m; sourceTree = "<group>"; };
		ACC738041699FC0100D99F3F /* MineSpot.h */ = {isa = PBXFileReference; fileEncoding = 4; lastKnownFileType = sourcecode.c.h; path = MineSpot.h; sourceTree = "<group>"; };
		ACC738051699FC0100D99F3F /* MineSpot.m */ = {isa = PBXFileReference; fileEncoding = 4; lastKnownFileType = sourcecode.c.objc; path = MineSpot.m; sourceTree = "<group>"; };
		ACC73807169A01D900D99F3F /* MineSpotState.h */ = {isa = PBXFileReference; fileEncoding = 4; lastKnownFileType = sourcecode.c.h; path = MineSpotState.h; sourceTree = "<group>"; };
		ACC73808169A01D900D99F3F /* MineSpotState.m */ = {isa = PBXFileReference; fileEncoding = 4; lastKnownFileType = sourcecode.c.objc; path = MineSpotState.m; sourceTree = "<group>"; };
		ACC7380B169A025B00D99F3F /* MineField.h */ = {isa = PBXFileReference; fileEncoding = 4; lastKnownFileType = sourcecode.c.h; path = MineField.h; sourceTree = "<group>"; };
		ACC7380C169A025B00D99F3F /* MineField.m */ = {isa = PBXFileReference; fileEncoding = 4; lastKnownFileType = sourcecode.c.objc; path = MineField.m; sourceTree = "<group>"; };
		ACC7380E169A02D500D99F3F /* Common.h */ = {isa = PBXFileReference; fileEncoding = 4; lastKnownFileType = sourcecode.c.h; path = Common.h; sourceTree = "<group>"; };
		BC3E9768383C44A8BDE0C7CB /* libPods-MineSweeperSpecs.a */ = {isa = PBXFileReference; explicitFileType = archive.ar; includeInIndex = 0; path = "libPods-MineSweeperSpecs.a"; sourceTree = BUILT_PRODUCTS_DIR; };
/* End PBXFileReference section */

/* Begin PBXFrameworksBuildPhase section */
		AC4D00081699B6D30038D7C2 /* Frameworks */ = {
			isa = PBXFrameworksBuildPhase;
			buildActionMask = 2147483647;
			files = (
				AC4D000E1699B6D30038D7C2 /* SenTestingKit.framework in Frameworks */,
				AC4D000F1699B6D30038D7C2 /* UIKit.framework in Frameworks */,
				AC4D00101699B6D30038D7C2 /* Foundation.framework in Frameworks */,
			);
			runOnlyForDeploymentPostprocessing = 0;
		};
		AC4DFFE21699B6D30038D7C2 /* Frameworks */ = {
			isa = PBXFrameworksBuildPhase;
			buildActionMask = 2147483647;
			files = (
				AC4DFFEA1699B6D30038D7C2 /* UIKit.framework in Frameworks */,
				AC4DFFEC1699B6D30038D7C2 /* Foundation.framework in Frameworks */,
				AC4DFFEE1699B6D30038D7C2 /* CoreGraphics.framework in Frameworks */,
			);
			runOnlyForDeploymentPostprocessing = 0;
		};
		ACC737D41699F52D00D99F3F /* Frameworks */ = {
			isa = PBXFrameworksBuildPhase;
			buildActionMask = 2147483647;
			files = (
				ACC737D91699F52D00D99F3F /* SenTestingKit.framework in Frameworks */,
				ACC737DA1699F52D00D99F3F /* UIKit.framework in Frameworks */,
				ACC737DB1699F52D00D99F3F /* Foundation.framework in Frameworks */,
				9F68C5E5231440EB9E47011F /* libPods-MineSweeperSpecs.a in Frameworks */,
			);
			runOnlyForDeploymentPostprocessing = 0;
		};
/* End PBXFrameworksBuildPhase section */

/* Begin PBXGroup section */
		AC4D00131699B6D30038D7C2 /* MineSweeper_StoryboardsTests */ = {
			isa = PBXGroup;
			children = (
				AC4D00191699B6D30038D7C2 /* MineSweeper_StoryboardsTests.h */,
				AC4D001A1699B6D30038D7C2 /* MineSweeper_StoryboardsTests.m */,
				AC4D00141699B6D30038D7C2 /* Supporting Files */,
			);
			path = MineSweeper_StoryboardsTests;
			sourceTree = "<group>";
		};
		AC4D00141699B6D30038D7C2 /* Supporting Files */ = {
			isa = PBXGroup;
			children = (
				AC4D00151699B6D30038D7C2 /* MineSweeper_StoryboardsTests-Info.plist */,
				AC4D00161699B6D30038D7C2 /* InfoPlist.strings */,
			);
			name = "Supporting Files";
			sourceTree = "<group>";
		};
		AC4DFFDA1699B6D20038D7C2 = {
			isa = PBXGroup;
			children = (
				AC4DFFEF1699B6D30038D7C2 /* MineSweeper_Storyboards */,
				AC4D00131699B6D30038D7C2 /* MineSweeper_StoryboardsTests */,
				ACC737DC1699F52D00D99F3F /* MineSweeperSpecs */,
				AC4DFFE81699B6D30038D7C2 /* Frameworks */,
				AC4DFFE61699B6D30038D7C2 /* Products */,
				ACC737CF1699F4D100D99F3F /* Resources */,
				9301D8D62EBE48698DA9756F /* Pods-MineSweeperSpecs.xcconfig */,
			);
			sourceTree = "<group>";
		};
		AC4DFFE61699B6D30038D7C2 /* Products */ = {
			isa = PBXGroup;
			children = (
				AC4DFFE51699B6D30038D7C2 /* MineSweeper_Storyboards.app */,
				AC4D000C1699B6D30038D7C2 /* MineSweeper_StoryboardsTests.octest */,
				ACC737D81699F52D00D99F3F /* MineSweeperSpecs.octest */,
			);
			name = Products;
			sourceTree = "<group>";
		};
		AC4DFFE81699B6D30038D7C2 /* Frameworks */ = {
			isa = PBXGroup;
			children = (
				AC4DFFE91699B6D30038D7C2 /* UIKit.framework */,
				AC4DFFEB1699B6D30038D7C2 /* Foundation.framework */,
				AC4DFFED1699B6D30038D7C2 /* CoreGraphics.framework */,
				AC4D000D1699B6D30038D7C2 /* SenTestingKit.framework */,
				BC3E9768383C44A8BDE0C7CB /* libPods-MineSweeperSpecs.a */,
			);
			name = Frameworks;
			sourceTree = "<group>";
		};
		AC4DFFEF1699B6D30038D7C2 /* MineSweeper_Storyboards */ = {
			isa = PBXGroup;
			children = (
				ACC737D11699F4F200D99F3F /* AppDelegate */,
				AC4D00011699B6D30038D7C2 /* MainStoryboard.storyboard */,
				ACC737D21699F4FE00D99F3F /* ViewControllers */,
				ACC737FA1699FA9F00D99F3F /* Model */,
				AC4DFFF01699B6D30038D7C2 /* Supporting Files */,
			);
			path = MineSweeper_Storyboards;
			sourceTree = "<group>";
		};
		AC4DFFF01699B6D30038D7C2 /* Supporting Files */ = {
			isa = PBXGroup;
			children = (
				AC4DFFF11699B6D30038D7C2 /* MineSweeper_Storyboards-Info.plist */,
				AC4DFFF21699B6D30038D7C2 /* InfoPlist.strings */,
				AC4DFFF51699B6D30038D7C2 /* main.m */,
				AC4DFFF71699B6D30038D7C2 /* MineSweeper_Storyboards-Prefix.pch */,
				AC4DFFFB1699B6D30038D7C2 /* Default.png */,
				AC4DFFFD1699B6D30038D7C2 /* Default@2x.png */,
				AC4DFFFF1699B6D30038D7C2 /* Default-568h@2x.png */,
			);
			name = "Supporting Files";
			sourceTree = "<group>";
		};
		ACC737CF1699F4D100D99F3F /* Resources */ = {
			isa = PBXGroup;
			children = (
				ACC737D01699F4DD00D99F3F /* Images */,
			);
			name = Resources;
			sourceTree = "<group>";
		};
		ACC737D01699F4DD00D99F3F /* Images */ = {
			isa = PBXGroup;
			children = (
				ACC737F81699F9F600D99F3F /* mine.png */,
				AC4D002B1699BAFA0038D7C2 /* cell.jpg */,
			);
			name = Images;
			sourceTree = "<group>";
		};
		ACC737D11699F4F200D99F3F /* AppDelegate */ = {
			isa = PBXGroup;
			children = (
				AC4DFFF81699B6D30038D7C2 /* AppDelegate.h */,
				AC4DFFF91699B6D30038D7C2 /* AppDelegate.m */,
			);
			name = AppDelegate;
			sourceTree = "<group>";
		};
		ACC737D21699F4FE00D99F3F /* ViewControllers */ = {
			isa = PBXGroup;
			children = (
				AC4D00041699B6D30038D7C2 /* MineFieldViewController.h */,
				AC4D00051699B6D30038D7C2 /* MineFieldViewController.m */,
				ACC737F51699F8C700D99F3F /* SpotCell.h */,
				ACC737F61699F8C700D99F3F /* SpotCell.m */,
			);
			name = ViewControllers;
			sourceTree = "<group>";
		};
		ACC737DC1699F52D00D99F3F /* MineSweeperSpecs */ = {
			isa = PBXGroup;
			children = (
				ACC737E31699F52D00D99F3F /* MineSweeperSpecs.m */,
				ACC737DD1699F52D00D99F3F /* Supporting Files */,
			);
			path = MineSweeperSpecs;
			sourceTree = "<group>";
		};
		ACC737DD1699F52D00D99F3F /* Supporting Files */ = {
			isa = PBXGroup;
			children = (
				ACC737DE1699F52D00D99F3F /* MineSweeperSpecs-Info.plist */,
				ACC737DF1699F52D00D99F3F /* InfoPlist.strings */,
				ACC737E51699F52D00D99F3F /* MineSweeperSpecs-Prefix.pch */,
			);
			name = "Supporting Files";
			sourceTree = "<group>";
		};
		ACC737FA1699FA9F00D99F3F /* Model */ = {
			isa = PBXGroup;
			children = (
				ACC7380E169A02D500D99F3F /* Common.h */,
				ACC7380B169A025B00D99F3F /* MineField.h */,
				ACC7380C169A025B00D99F3F /* MineField.m */,
				ACC737FE1699FBD700D99F3F /* Spot.h */,
				ACC737FF1699FBD700D99F3F /* Spot.m */,
				ACC7380A169A01FC00D99F3F /* State */,
			);
			name = Model;
			sourceTree = "<group>";
		};
		ACC7380A169A01FC00D99F3F /* State */ = {
			isa = PBXGroup;
			children = (
				ACC73807169A01D900D99F3F /* MineSpotState.h */,
				ACC73808169A01D900D99F3F /* MineSpotState.m */,
				ACC738011699FBF300D99F3F /* EmptySpot.h */,
				ACC738021699FBF300D99F3F /* EmptySpot.m */,
				ACC738041699FC0100D99F3F /* MineSpot.h */,
				ACC738051699FC0100D99F3F /* MineSpot.m */,
			);
			name = State;
			sourceTree = "<group>";
		};
/* End PBXGroup section */

/* Begin PBXNativeTarget section */
		AC4D000B1699B6D30038D7C2 /* MineSweeper_StoryboardsTests */ = {
			isa = PBXNativeTarget;
			buildConfigurationList = AC4D00211699B6D30038D7C2 /* Build configuration list for PBXNativeTarget "MineSweeper_StoryboardsTests" */;
			buildPhases = (
				AC4D00071699B6D30038D7C2 /* Sources */,
				AC4D00081699B6D30038D7C2 /* Frameworks */,
				AC4D00091699B6D30038D7C2 /* Resources */,
				AC4D000A1699B6D30038D7C2 /* ShellScript */,
			);
			buildRules = (
			);
			dependencies = (
				AC4D00121699B6D30038D7C2 /* PBXTargetDependency */,
			);
			name = MineSweeper_StoryboardsTests;
			productName = MineSweeper_StoryboardsTests;
			productReference = AC4D000C1699B6D30038D7C2 /* MineSweeper_StoryboardsTests.octest */;
			productType = "com.apple.product-type.bundle";
		};
		AC4DFFE41699B6D30038D7C2 /* MineSweeper_Storyboards */ = {
			isa = PBXNativeTarget;
			buildConfigurationList = AC4D001E1699B6D30038D7C2 /* Build configuration list for PBXNativeTarget "MineSweeper_Storyboards" */;
			buildPhases = (
				AC4DFFE11699B6D30038D7C2 /* Sources */,
				AC4DFFE21699B6D30038D7C2 /* Frameworks */,
				AC4DFFE31699B6D30038D7C2 /* Resources */,
			);
			buildRules = (
			);
			dependencies = (
			);
			name = MineSweeper_Storyboards;
			productName = MineSweeper_Storyboards;
			productReference = AC4DFFE51699B6D30038D7C2 /* MineSweeper_Storyboards.app */;
			productType = "com.apple.product-type.application";
		};
		ACC737D71699F52D00D99F3F /* MineSweeperSpecs */ = {
			isa = PBXNativeTarget;
			buildConfigurationList = ACC737E61699F52D00D99F3F /* Build configuration list for PBXNativeTarget "MineSweeperSpecs" */;
			buildPhases = (
				ACC737D31699F52D00D99F3F /* Sources */,
				ACC737D41699F52D00D99F3F /* Frameworks */,
				ACC737D51699F52D00D99F3F /* Resources */,
				ACC737D61699F52D00D99F3F /* ShellScript */,
				FA937C8512274E7989AEF2A4 /* Copy Pods Resources */,
			);
			buildRules = (
			);
			dependencies = (
			);
			name = MineSweeperSpecs;
			productName = MineSweeperSpecs;
			productReference = ACC737D81699F52D00D99F3F /* MineSweeperSpecs.octest */;
			productType = "com.apple.product-type.bundle";
		};
/* End PBXNativeTarget section */

/* Begin PBXProject section */
		AC4DFFDC1699B6D20038D7C2 /* Project object */ = {
			isa = PBXProject;
			attributes = {
				LastUpgradeCheck = 0450;
				ORGANIZATIONNAME = "Mario Stallone";
			};
			buildConfigurationList = AC4DFFDF1699B6D20038D7C2 /* Build configuration list for PBXProject "MineSweeper_Storyboards" */;
			compatibilityVersion = "Xcode 3.2";
			developmentRegion = English;
			hasScannedForEncodings = 0;
			knownRegions = (
				en,
			);
			mainGroup = AC4DFFDA1699B6D20038D7C2;
			productRefGroup = AC4DFFE61699B6D30038D7C2 /* Products */;
			projectDirPath = "";
			projectRoot = "";
			targets = (
				AC4DFFE41699B6D30038D7C2 /* MineSweeper_Storyboards */,
				AC4D000B1699B6D30038D7C2 /* MineSweeper_StoryboardsTests */,
				ACC737D71699F52D00D99F3F /* MineSweeperSpecs */,
			);
		};
/* End PBXProject section */

/* Begin PBXResourcesBuildPhase section */
		AC4D00091699B6D30038D7C2 /* Resources */ = {
			isa = PBXResourcesBuildPhase;
			buildActionMask = 2147483647;
			files = (
				AC4D00181699B6D30038D7C2 /* InfoPlist.strings in Resources */,
			);
			runOnlyForDeploymentPostprocessing = 0;
		};
		AC4DFFE31699B6D30038D7C2 /* Resources */ = {
			isa = PBXResourcesBuildPhase;
			buildActionMask = 2147483647;
			files = (
				AC4DFFF41699B6D30038D7C2 /* InfoPlist.strings in Resources */,
				AC4DFFFC1699B6D30038D7C2 /* Default.png in Resources */,
				AC4DFFFE1699B6D30038D7C2 /* Default@2x.png in Resources */,
				AC4D00001699B6D30038D7C2 /* Default-568h@2x.png in Resources */,
				AC4D00031699B6D30038D7C2 /* MainStoryboard.storyboard in Resources */,
				AC4D002C1699BAFA0038D7C2 /* cell.jpg in Resources */,
				ACC737F91699F9F600D99F3F /* mine.png in Resources */,
			);
			runOnlyForDeploymentPostprocessing = 0;
		};
		ACC737D51699F52D00D99F3F /* Resources */ = {
			isa = PBXResourcesBuildPhase;
			buildActionMask = 2147483647;
			files = (
				ACC737E11699F52D00D99F3F /* InfoPlist.strings in Resources */,
			);
			runOnlyForDeploymentPostprocessing = 0;
		};
/* End PBXResourcesBuildPhase section */

/* Begin PBXShellScriptBuildPhase section */
		AC4D000A1699B6D30038D7C2 /* ShellScript */ = {
			isa = PBXShellScriptBuildPhase;
			buildActionMask = 2147483647;
			files = (
			);
			inputPaths = (
			);
			outputPaths = (
			);
			runOnlyForDeploymentPostprocessing = 0;
			shellPath = /bin/sh;
			shellScript = "# Run the unit tests in this test bundle.\n\"${SYSTEM_DEVELOPER_DIR}/Tools/RunUnitTests\"\n";
		};
		ACC737D61699F52D00D99F3F /* ShellScript */ = {
			isa = PBXShellScriptBuildPhase;
			buildActionMask = 2147483647;
			files = (
			);
			inputPaths = (
			);
			outputPaths = (
			);
			runOnlyForDeploymentPostprocessing = 0;
			shellPath = /bin/sh;
			shellScript = "# Run the unit tests in this test bundle.\n\"${SYSTEM_DEVELOPER_DIR}/Tools/RunUnitTests\"\n";
		};
		FA937C8512274E7989AEF2A4 /* Copy Pods Resources */ = {
			isa = PBXShellScriptBuildPhase;
			buildActionMask = 2147483647;
			files = (
			);
			inputPaths = (
			);
			name = "Copy Pods Resources";
			outputPaths = (
			);
			runOnlyForDeploymentPostprocessing = 0;
			shellPath = /bin/sh;
			shellScript = "\"${SRCROOT}/Pods/Pods-MineSweeperSpecs-resources.sh\"\n";
		};
/* End PBXShellScriptBuildPhase section */

/* Begin PBXSourcesBuildPhase section */
		AC4D00071699B6D30038D7C2 /* Sources */ = {
			isa = PBXSourcesBuildPhase;
			buildActionMask = 2147483647;
			files = (
				AC4D001B1699B6D30038D7C2 /* MineSweeper_StoryboardsTests.m in Sources */,
			);
			runOnlyForDeploymentPostprocessing = 0;
		};
		AC4DFFE11699B6D30038D7C2 /* Sources */ = {
			isa = PBXSourcesBuildPhase;
			buildActionMask = 2147483647;
			files = (
				AC4DFFF61699B6D30038D7C2 /* main.m in Sources */,
				AC4DFFFA1699B6D30038D7C2 /* AppDelegate.m in Sources */,
				AC4D00061699B6D30038D7C2 /* MineFieldViewController.m in Sources */,
				ACC737F71699F8C700D99F3F /* SpotCell.m in Sources */,
				ACC738001699FBD700D99F3F /* Spot.m in Sources */,
				ACC738031699FBF300D99F3F /* EmptySpot.m in Sources */,
				ACC738061699FC0100D99F3F /* MineSpot.m in Sources */,
				ACC73809169A01D900D99F3F /* MineSpotState.m in Sources */,
				ACC7380D169A025B00D99F3F /* MineField.m in Sources */,
			);
			runOnlyForDeploymentPostprocessing = 0;
		};
		ACC737D31699F52D00D99F3F /* Sources */ = {
			isa = PBXSourcesBuildPhase;
			buildActionMask = 2147483647;
			files = (
				ACC737E41699F52D00D99F3F /* MineSweeperSpecs.m in Sources */,
			);
			runOnlyForDeploymentPostprocessing = 0;
		};
/* End PBXSourcesBuildPhase section */

/* Begin PBXTargetDependency section */
		AC4D00121699B6D30038D7C2 /* PBXTargetDependency */ = {
			isa = PBXTargetDependency;
			target = AC4DFFE41699B6D30038D7C2 /* MineSweeper_Storyboards */;
			targetProxy = AC4D00111699B6D30038D7C2 /* PBXContainerItemProxy */;
		};
/* End PBXTargetDependency section */

/* Begin PBXVariantGroup section */
		AC4D00011699B6D30038D7C2 /* MainStoryboard.storyboard */ = {
			isa = PBXVariantGroup;
			children = (
				AC4D00021699B6D30038D7C2 /* en */,
			);
			name = MainStoryboard.storyboard;
			sourceTree = "<group>";
		};
		AC4D00161699B6D30038D7C2 /* InfoPlist.strings */ = {
			isa = PBXVariantGroup;
			children = (
				AC4D00171699B6D30038D7C2 /* en */,
			);
			name = InfoPlist.strings;
			sourceTree = "<group>";
		};
		AC4DFFF21699B6D30038D7C2 /* InfoPlist.strings */ = {
			isa = PBXVariantGroup;
			children = (
				AC4DFFF31699B6D30038D7C2 /* en */,
			);
			name = InfoPlist.strings;
			sourceTree = "<group>";
		};
		ACC737DF1699F52D00D99F3F /* InfoPlist.strings */ = {
			isa = PBXVariantGroup;
			children = (
				ACC737E01699F52D00D99F3F /* en */,
			);
			name = InfoPlist.strings;
			sourceTree = "<group>";
		};
/* End PBXVariantGroup section */

/* Begin XCBuildConfiguration section */
		AC4D001C1699B6D30038D7C2 /* Debug */ = {
			isa = XCBuildConfiguration;
			buildSettings = {
				ALWAYS_SEARCH_USER_PATHS = NO;
				CLANG_CXX_LANGUAGE_STANDARD = "gnu++0x";
				CLANG_CXX_LIBRARY = "libc++";
				CLANG_ENABLE_OBJC_ARC = YES;
				CLANG_WARN_EMPTY_BODY = YES;
				CLANG_WARN__DUPLICATE_METHOD_MATCH = YES;
				"CODE_SIGN_IDENTITY[sdk=iphoneos*]" = "iPhone Developer";
				COPY_PHASE_STRIP = NO;
				GCC_C_LANGUAGE_STANDARD = gnu99;
				GCC_DYNAMIC_NO_PIC = NO;
				GCC_OPTIMIZATION_LEVEL = 0;
				GCC_PREPROCESSOR_DEFINITIONS = (
					"DEBUG=1",
					"$(inherited)",
				);
				GCC_SYMBOLS_PRIVATE_EXTERN = NO;
				GCC_WARN_ABOUT_RETURN_TYPE = YES;
				GCC_WARN_UNINITIALIZED_AUTOS = YES;
				GCC_WARN_UNUSED_VARIABLE = YES;
				IPHONEOS_DEPLOYMENT_TARGET = 6.0;
				SDKROOT = iphoneos;
			};
			name = Debug;
		};
		AC4D001D1699B6D30038D7C2 /* Release */ = {
			isa = XCBuildConfiguration;
			buildSettings = {
				ALWAYS_SEARCH_USER_PATHS = NO;
				CLANG_CXX_LANGUAGE_STANDARD = "gnu++0x";
				CLANG_CXX_LIBRARY = "libc++";
				CLANG_ENABLE_OBJC_ARC = YES;
				CLANG_WARN_EMPTY_BODY = YES;
				CLANG_WARN__DUPLICATE_METHOD_MATCH = YES;
				"CODE_SIGN_IDENTITY[sdk=iphoneos*]" = "iPhone Developer";
				COPY_PHASE_STRIP = YES;
				GCC_C_LANGUAGE_STANDARD = gnu99;
				GCC_WARN_ABOUT_RETURN_TYPE = YES;
				GCC_WARN_UNINITIALIZED_AUTOS = YES;
				GCC_WARN_UNUSED_VARIABLE = YES;
				IPHONEOS_DEPLOYMENT_TARGET = 6.0;
				OTHER_CFLAGS = "-DNS_BLOCK_ASSERTIONS=1";
				SDKROOT = iphoneos;
				VALIDATE_PRODUCT = YES;
			};
			name = Release;
		};
		AC4D001F1699B6D30038D7C2 /* Debug */ = {
			isa = XCBuildConfiguration;
			buildSettings = {
				GCC_PRECOMPILE_PREFIX_HEADER = YES;
				GCC_PREFIX_HEADER = "MineSweeper_Storyboards/MineSweeper_Storyboards-Prefix.pch";
				INFOPLIST_FILE = "MineSweeper_Storyboards/MineSweeper_Storyboards-Info.plist";
				PRODUCT_NAME = "$(TARGET_NAME)";
				WRAPPER_EXTENSION = app;
			};
			name = Debug;
		};
		AC4D00201699B6D30038D7C2 /* Release */ = {
			isa = XCBuildConfiguration;
			buildSettings = {
				GCC_PRECOMPILE_PREFIX_HEADER = YES;
				GCC_PREFIX_HEADER = "MineSweeper_Storyboards/MineSweeper_Storyboards-Prefix.pch";
				INFOPLIST_FILE = "MineSweeper_Storyboards/MineSweeper_Storyboards-Info.plist";
				PRODUCT_NAME = "$(TARGET_NAME)";
				WRAPPER_EXTENSION = app;
			};
			name = Release;
		};
		AC4D00221699B6D30038D7C2 /* Debug */ = {
			isa = XCBuildConfiguration;
			buildSettings = {
				BUNDLE_LOADER = "$(BUILT_PRODUCTS_DIR)/MineSweeper_Storyboards.app/MineSweeper_Storyboards";
				FRAMEWORK_SEARCH_PATHS = (
					"\"$(SDKROOT)/Developer/Library/Frameworks\"",
					"\"$(DEVELOPER_LIBRARY_DIR)/Frameworks\"",
				);
				GCC_PRECOMPILE_PREFIX_HEADER = YES;
				GCC_PREFIX_HEADER = "MineSweeper_Storyboards/MineSweeper_Storyboards-Prefix.pch";
				INFOPLIST_FILE = "MineSweeper_StoryboardsTests/MineSweeper_StoryboardsTests-Info.plist";
				PRODUCT_NAME = "$(TARGET_NAME)";
				TEST_HOST = "$(BUNDLE_LOADER)";
				WRAPPER_EXTENSION = octest;
			};
			name = Debug;
		};
		AC4D00231699B6D30038D7C2 /* Release */ = {
			isa = XCBuildConfiguration;
			buildSettings = {
				BUNDLE_LOADER = "$(BUILT_PRODUCTS_DIR)/MineSweeper_Storyboards.app/MineSweeper_Storyboards";
				FRAMEWORK_SEARCH_PATHS = (
					"\"$(SDKROOT)/Developer/Library/Frameworks\"",
					"\"$(DEVELOPER_LIBRARY_DIR)/Frameworks\"",
				);
				GCC_PRECOMPILE_PREFIX_HEADER = YES;
				GCC_PREFIX_HEADER = "MineSweeper_Storyboards/MineSweeper_Storyboards-Prefix.pch";
				INFOPLIST_FILE = "MineSweeper_StoryboardsTests/MineSweeper_StoryboardsTests-Info.plist";
				PRODUCT_NAME = "$(TARGET_NAME)";
				TEST_HOST = "$(BUNDLE_LOADER)";
				WRAPPER_EXTENSION = octest;
			};
			name = Release;
		};
		ACC737E71699F52D00D99F3F /* Debug */ = {
			isa = XCBuildConfiguration;
			baseConfigurationReference = 9301D8D62EBE48698DA9756F /* Pods-MineSweeperSpecs.xcconfig */;
			buildSettings = {
				BUNDLE_LOADER = "$(BUILT_PRODUCTS_DIR)/MineSweeper_Storyboards.app/MineSweeper_Storyboards";
				FRAMEWORK_SEARCH_PATHS = (
					"\"$(SDKROOT)/Developer/Library/Frameworks\"",
					"\"$(DEVELOPER_LIBRARY_DIR)/Frameworks\"",
				);
				GCC_PRECOMPILE_PREFIX_HEADER = YES;
				GCC_PREFIX_HEADER = "MineSweeperSpecs/MineSweeperSpecs-Prefix.pch";
				INFOPLIST_FILE = "MineSweeperSpecs/MineSweeperSpecs-Info.plist";
				PRODUCT_NAME = "$(TARGET_NAME)";
				TEST_HOST = "$(BUNDLE_LOADER)";
				WRAPPER_EXTENSION = octest;
			};
			name = Debug;
		};
		ACC737E81699F52D00D99F3F /* Release */ = {
			isa = XCBuildConfiguration;
			baseConfigurationReference = 9301D8D62EBE48698DA9756F /* Pods-MineSweeperSpecs.xcconfig */;
			buildSettings = {
				BUNDLE_LOADER = "$(BUILT_PRODUCTS_DIR)/MineSweeper_Storyboards.app/MineSweeper_Storyboards";
				FRAMEWORK_SEARCH_PATHS = (
					"\"$(SDKROOT)/Developer/Library/Frameworks\"",
					"\"$(DEVELOPER_LIBRARY_DIR)/Frameworks\"",
				);
				GCC_PRECOMPILE_PREFIX_HEADER = YES;
				GCC_PREFIX_HEADER = "MineSweeperSpecs/MineSweeperSpecs-Prefix.pch";
				INFOPLIST_FILE = "MineSweeperSpecs/MineSweeperSpecs-Info.plist";
				PRODUCT_NAME = "$(TARGET_NAME)";
				TEST_HOST = "$(BUNDLE_LOADER)";
				WRAPPER_EXTENSION = octest;
			};
			name = Release;
		};
/* End XCBuildConfiguration section */

/* Begin XCConfigurationList section */
		AC4D001E1699B6D30038D7C2 /* Build configuration list for PBXNativeTarget "MineSweeper_Storyboards" */ = {
			isa = XCConfigurationList;
			buildConfigurations = (
				AC4D001F1699B6D30038D7C2 /* Debug */,
				AC4D00201699B6D30038D7C2 /* Release */,
			);
			defaultConfigurationIsVisible = 0;
			defaultConfigurationName = Release;
		};
		AC4D00211699B6D30038D7C2 /* Build configuration list for PBXNativeTarget "MineSweeper_StoryboardsTests" */ = {
			isa = XCConfigurationList;
			buildConfigurations = (
				AC4D00221699B6D30038D7C2 /* Debug */,
				AC4D00231699B6D30038D7C2 /* Release */,
			);
			defaultConfigurationIsVisible = 0;
			defaultConfigurationName = Release;
		};
		AC4DFFDF1699B6D20038D7C2 /* Build configuration list for PBXProject "MineSweeper_Storyboards" */ = {
			isa = XCConfigurationList;
			buildConfigurations = (
				AC4D001C1699B6D30038D7C2 /* Debug */,
				AC4D001D1699B6D30038D7C2 /* Release */,
			);
			defaultConfigurationIsVisible = 0;
			defaultConfigurationName = Release;
		};
		ACC737E61699F52D00D99F3F /* Build configuration list for PBXNativeTarget "MineSweeperSpecs" */ = {
			isa = XCConfigurationList;
			buildConfigurations = (
				ACC737E71699F52D00D99F3F /* Debug */,
				ACC737E81699F52D00D99F3F /* Release */,
			);
			defaultConfigurationIsVisible = 0;
			defaultConfigurationName = Release;
		};
/* End XCConfigurationList section */
	};
	rootObject = AC4DFFDC1699B6D20038D7C2 /* Project object */;
}
